
Microsoft Visual Studio Solution File, Format Version 12.00
# Visual Studio 15
Project("{FAE04EC0-301F-11D3-BF4B-00C04F79EFBC}") = "WebApi", "WebApi\WebApi.csproj", "{E7CE8FC0-A78C-4C5B-9445-1C59AE31E530}"
EndProject
Project("{FAE04EC0-301F-11D3-BF4B-00C04F79EFBC}") = "Tests", "Tests\Tests.csproj", "{7626AC29-DF1D-4954-A202-8B8A2C32A560}"
EndProject
Global
	GlobalSection(SolutionConfigurationPlatforms) = preSolution
		Debug|Any CPU = Debug|Any CPU
		Release|Any CPU = Release|Any CPU
	EndGlobalSection
	GlobalSection(ProjectConfigurationPlatforms) = postSolution
		{E7CE8FC0-A78C-4C5B-9445-1C59AE31E530}.Debug|Any CPU.ActiveCfg = Debug|Any CPU
		{E7CE8FC0-A78C-4C5B-9445-1C59AE31E530}.Debug|Any CPU.Build.0 = Debug|Any CPU
		{E7CE8FC0-A78C-4C5B-9445-1C59AE31E530}.Release|Any CPU.ActiveCfg = Release|Any CPU
		{E7CE8FC0-A78C-4C5B-9445-1C59AE31E530}.Release|Any CPU.Build.0 = Release|Any CPU
		{7626AC29-DF1D-4954-A202-8B8A2C32A560}.Debug|Any CPU.ActiveCfg = Debug|Any CPU
		{7626AC29-DF1D-4954-A202-8B8A2C32A560}.Debug|Any CPU.Build.0 = Debug|Any CPU
		{7626AC29-DF1D-4954-A202-8B8A2C32A560}.Release|Any CPU.ActiveCfg = Release|Any CPU
		{7626AC29-DF1D-4954-A202-8B8A2C32A560}.Release|Any CPU.Build.0 = Release|Any CPU
	EndGlobalSection
EndGlobal
